# This file was autogenerated by Stack.
# You should not edit this file by hand.
# For more information, please see the documentation at:
#   https://docs.haskellstack.org/en/stable/lock_files

packages:
- completed:
    hackage: filepath-1.4.2.1@sha256:0a5334c8d6eb9b00cba7a07f2c4141d395d0b430861d04866c6a8d373aea59c1,2245
    pantry-tree:
      size: 681
      sha256: acea875d61ee692b87eef45d1e6f95e87bdb2289395c82d3e3972ea6e42fde50
  original:
    hackage: filepath-1.4.2.1
- completed:
    hackage: yaml-0.10.1.1@sha256:a2dc58d8cff7bb1a1dba7763e48dd80b2e3dcb1632379d4efecbf676c42159fb,5807
    pantry-tree:
      size: 2789
      sha256: 59213e2f7cc0e3e3744405c2c9405cee7a56bd104e5c071e6eefc82c4cb3dcd4
  original:
    hackage: yaml-0.10.1.1
- completed:
    hackage: counter-0.1.0.2@sha256:1ddfe4bb33fc5782d2d74935f3edf09e5f6ec22963c2958de68ca0edcf357b90,796
    pantry-tree:
      size: 210
      sha256: ff6dd637c26f07ca2549335134a2b82c9bfa8556e50daa11bc8b63834623c78c
  original:
    hackage: counter-0.1.0.2
- completed:
    hackage: directory-1.3.5.0@sha256:a7d0f5e79a6bb31a75dfceb9656d2de119de9f91076ec18ad30e4496d0385cfa,2782
    pantry-tree:
      size: 3365
      sha256: 13abe2f1a1f82059563af1ee076f23a6067d402f61834c738bb38eb606b847e8
  original:
    hackage: directory-1.3.5.0@sha256:a7d0f5e79a6bb31a75dfceb9656d2de119de9f91076ec18ad30e4496d0385cfa,2782
- completed:
    hackage: process-1.4.3.0@sha256:cf30533f073721fd059790f0b963fb9b57e3507cffef5141e9377449570b07ca,2021
    pantry-tree:
      size: 1210
      sha256: d037c00a5b428a0444d597909a703e04a743a07a10339a0801df363d0e504915
  original:
    hackage: process-1.4.3.0@sha256:cf30533f073721fd059790f0b963fb9b57e3507cffef5141e9377449570b07ca,2021
snapshots:
- completed:
    size: 537868
    url: https://raw.githubusercontent.com/commercialhaskell/stackage-snapshots/master/lts/9/21.yaml
    sha256: 0a3be91c2bce851de4755003cfb1d85d62b6f90276231fcc305729c0c5c864a9
  original: lts-9.21
